// !$*UTF8*$!
{
	archiveVersion = 1;
	classes = {
	};
	objectVersion = 46;
	objects = {

/* Begin PBXBuildFile section */
		372C3ECF1DBA772700AF896F /* ItemDetailsVCViewController.swift in Sources */ = {isa = PBXBuildFile; fileRef = 372C3ECE1DBA772700AF896F /* ItemDetailsVCViewController.swift */; };
		372C3ED31DBA959000AF896F /* CustomTextField.swift in Sources */ = {isa = PBXBuildFile; fileRef = 372C3ED21DBA959000AF896F /* CustomTextField.swift */; };
		379FC08F1DA2BE7C004574E5 /* AppDelegate.swift in Sources */ = {isa = PBXBuildFile; fileRef = 379FC08E1DA2BE7C004574E5 /* AppDelegate.swift */; };
		379FC0911DA2BE7C004574E5 /* MainVC.swift in Sources */ = {isa = PBXBuildFile; fileRef = 379FC0901DA2BE7C004574E5 /* MainVC.swift */; };
		379FC0941DA2BE7C004574E5 /* Main.storyboard in Resources */ = {isa = PBXBuildFile; fileRef = 379FC0921DA2BE7C004574E5 /* Main.storyboard */; };
		379FC0971DA2BE7C004574E5 /* iYarn.xcdatamodeld in Sources */ = {isa = PBXBuildFile; fileRef = 379FC0951DA2BE7C004574E5 /* iYarn.xcdatamodeld */; };
		379FC0991DA2BE7C004574E5 /* Assets.xcassets in Resources */ = {isa = PBXBuildFile; fileRef = 379FC0981DA2BE7C004574E5 /* Assets.xcassets */; };
		379FC09C1DA2BE7C004574E5 /* LaunchScreen.storyboard in Resources */ = {isa = PBXBuildFile; fileRef = 379FC09A1DA2BE7C004574E5 /* LaunchScreen.storyboard */; };
		379FC0CB1DA2ED9B004574E5 /* ItemType+CoreDataClass.swift in Sources */ = {isa = PBXBuildFile; fileRef = 379FC0C31DA2ED9B004574E5 /* ItemType+CoreDataClass.swift */; };
		379FC0CC1DA2ED9B004574E5 /* ItemType+CoreDataProperties.swift in Sources */ = {isa = PBXBuildFile; fileRef = 379FC0C41DA2ED9B004574E5 /* ItemType+CoreDataProperties.swift */; };
		379FC0CD1DA2ED9B004574E5 /* Store+CoreDataClass.swift in Sources */ = {isa = PBXBuildFile; fileRef = 379FC0C51DA2ED9B004574E5 /* Store+CoreDataClass.swift */; };
		379FC0CE1DA2ED9B004574E5 /* Store+CoreDataProperties.swift in Sources */ = {isa = PBXBuildFile; fileRef = 379FC0C61DA2ED9B004574E5 /* Store+CoreDataProperties.swift */; };
		379FC0CF1DA2ED9B004574E5 /* Image+CoreDataClass.swift in Sources */ = {isa = PBXBuildFile; fileRef = 379FC0C71DA2ED9B004574E5 /* Image+CoreDataClass.swift */; };
		379FC0D01DA2ED9B004574E5 /* Image+CoreDataProperties.swift in Sources */ = {isa = PBXBuildFile; fileRef = 379FC0C81DA2ED9B004574E5 /* Image+CoreDataProperties.swift */; };
		379FC0D11DA2ED9B004574E5 /* Item+CoreDataClass.swift in Sources */ = {isa = PBXBuildFile; fileRef = 379FC0C91DA2ED9B004574E5 /* Item+CoreDataClass.swift */; };
		379FC0D21DA2ED9B004574E5 /* Item+CoreDataProperties.swift in Sources */ = {isa = PBXBuildFile; fileRef = 379FC0CA1DA2ED9B004574E5 /* Item+CoreDataProperties.swift */; };
		37F5888B1DA9663D00AB7D39 /* CapriShawl.jpg in Resources */ = {isa = PBXBuildFile; fileRef = 37F5888A1DA9663D00AB7D39 /* CapriShawl.jpg */; };
		37F5888E1DA9684000AB7D39 /* MaterialView.swift in Sources */ = {isa = PBXBuildFile; fileRef = 37F5888D1DA9684000AB7D39 /* MaterialView.swift */; };
		37F588901DAAB26700AB7D39 /* ItemCell.swift in Sources */ = {isa = PBXBuildFile; fileRef = 37F5888F1DAAB26700AB7D39 /* ItemCell.swift */; };
/* End PBXBuildFile section */

/* Begin PBXFileReference section */
		372C3ECE1DBA772700AF896F /* ItemDetailsVCViewController.swift */ = {isa = PBXFileReference; fileEncoding = 4; lastKnownFileType = sourcecode.swift; path = ItemDetailsVCViewController.swift; sourceTree = "<group>"; };
		372C3ED21DBA959000AF896F /* CustomTextField.swift */ = {isa = PBXFileReference; fileEncoding = 4; lastKnownFileType = sourcecode.swift; path = CustomTextField.swift; sourceTree = "<group>"; };
		379FC08B1DA2BE7C004574E5 /* iYarn.app */ = {isa = PBXFileReference; explicitFileType = wrapper.application; includeInIndex = 0; path = iYarn.app; sourceTree = BUILT_PRODUCTS_DIR; };
		379FC08E1DA2BE7C004574E5 /* AppDelegate.swift */ = {isa = PBXFileReference; lastKnownFileType = sourcecode.swift; path = AppDelegate.swift; sourceTree = "<group>"; };
		379FC0901DA2BE7C004574E5 /* MainVC.swift */ = {isa = PBXFileReference; lastKnownFileType = sourcecode.swift; path = MainVC.swift; sourceTree = "<group>"; };
		379FC0931DA2BE7C004574E5 /* Base */ = {isa = PBXFileReference; lastKnownFileType = file.storyboard; name = Base; path = Base.lproj/Main.storyboard; sourceTree = "<group>"; };
		379FC0961DA2BE7C004574E5 /* iYarn.xcdatamodel */ = {isa = PBXFileReference; lastKnownFileType = wrapper.xcdatamodel; path = iYarn.xcdatamodel; sourceTree = "<group>"; };
		379FC0981DA2BE7C004574E5 /* Assets.xcassets */ = {isa = PBXFileReference; lastKnownFileType = folder.assetcatalog; path = Assets.xcassets; sourceTree = "<group>"; };
		379FC09B1DA2BE7C004574E5 /* Base */ = {isa = PBXFileReference; lastKnownFileType = file.storyboard; name = Base; path = Base.lproj/LaunchScreen.storyboard; sourceTree = "<group>"; };
		379FC09D1DA2BE7C004574E5 /* Info.plist */ = {isa = PBXFileReference; lastKnownFileType = text.plist.xml; path = Info.plist; sourceTree = "<group>"; };
		379FC0C31DA2ED9B004574E5 /* ItemType+CoreDataClass.swift */ = {isa = PBXFileReference; fileEncoding = 4; lastKnownFileType = sourcecode.swift; name = "ItemType+CoreDataClass.swift"; path = "../ItemType+CoreDataClass.swift"; sourceTree = "<group>"; };
		379FC0C41DA2ED9B004574E5 /* ItemType+CoreDataProperties.swift */ = {isa = PBXFileReference; fileEncoding = 4; lastKnownFileType = sourcecode.swift; name = "ItemType+CoreDataProperties.swift"; path = "../ItemType+CoreDataProperties.swift"; sourceTree = "<group>"; };
		379FC0C51DA2ED9B004574E5 /* Store+CoreDataClass.swift */ = {isa = PBXFileReference; fileEncoding = 4; lastKnownFileType = sourcecode.swift; name = "Store+CoreDataClass.swift"; path = "../Store+CoreDataClass.swift"; sourceTree = "<group>"; };
		379FC0C61DA2ED9B004574E5 /* Store+CoreDataProperties.swift */ = {isa = PBXFileReference; fileEncoding = 4; lastKnownFileType = sourcecode.swift; name = "Store+CoreDataProperties.swift"; path = "../Store+CoreDataProperties.swift"; sourceTree = "<group>"; };
		379FC0C71DA2ED9B004574E5 /* Image+CoreDataClass.swift */ = {isa = PBXFileReference; fileEncoding = 4; lastKnownFileType = sourcecode.swift; name = "Image+CoreDataClass.swift"; path = "../Image+CoreDataClass.swift"; sourceTree = "<group>"; };
		379FC0C81DA2ED9B004574E5 /* Image+CoreDataProperties.swift */ = {isa = PBXFileReference; fileEncoding = 4; lastKnownFileType = sourcecode.swift; name = "Image+CoreDataProperties.swift"; path = "../Image+CoreDataProperties.swift"; sourceTree = "<group>"; };
		379FC0C91DA2ED9B004574E5 /* Item+CoreDataClass.swift */ = {isa = PBXFileReference; fileEncoding = 4; lastKnownFileType = sourcecode.swift; name = "Item+CoreDataClass.swift"; path = "../Item+CoreDataClass.swift"; sourceTree = "<group>"; };
		379FC0CA1DA2ED9B004574E5 /* Item+CoreDataProperties.swift */ = {isa = PBXFileReference; fileEncoding = 4; lastKnownFileType = sourcecode.swift; name = "Item+CoreDataProperties.swift"; path = "../Item+CoreDataProperties.swift"; sourceTree = "<group>"; };
		37F5888A1DA9663D00AB7D39 /* CapriShawl.jpg */ = {isa = PBXFileReference; lastKnownFileType = image.jpeg; path = CapriShawl.jpg; sourceTree = "<group>"; };
		37F5888D1DA9684000AB7D39 /* MaterialView.swift */ = {isa = PBXFileReference; fileEncoding = 4; lastKnownFileType = sourcecode.swift; path = MaterialView.swift; sourceTree = "<group>"; };
		37F5888F1DAAB26700AB7D39 /* ItemCell.swift */ = {isa = PBXFileReference; fileEncoding = 4; lastKnownFileType = sourcecode.swift; path = ItemCell.swift; sourceTree = "<group>"; };
/* End PBXFileReference section */

/* Begin PBXFrameworksBuildPhase section */
		379FC0881DA2BE7C004574E5 /* Frameworks */ = {
			isa = PBXFrameworksBuildPhase;
			buildActionMask = 2147483647;
			files = (
			);
			runOnlyForDeploymentPostprocessing = 0;
		};
/* End PBXFrameworksBuildPhase section */

/* Begin PBXGroup section */
		372C3ECD1DBA765D00AF896F /* Controller */ = {
			isa = PBXGroup;
			children = (
				379FC0901DA2BE7C004574E5 /* MainVC.swift */,
				372C3ECE1DBA772700AF896F /* ItemDetailsVCViewController.swift */,
			);
			name = Controller;
			sourceTree = "<group>";
		};
		379FC0821DA2BE7B004574E5 = {
			isa = PBXGroup;
			children = (
				379FC08D1DA2BE7C004574E5 /* iYarn */,
				379FC08C1DA2BE7C004574E5 /* Products */,
			);
			sourceTree = "<group>";
		};
		379FC08C1DA2BE7C004574E5 /* Products */ = {
			isa = PBXGroup;
			children = (
				379FC08B1DA2BE7C004574E5 /* iYarn.app */,
			);
			name = Products;
			sourceTree = "<group>";
		};
		379FC08D1DA2BE7C004574E5 /* iYarn */ = {
			isa = PBXGroup;
			children = (
				37F5888C1DA966F100AB7D39 /* View */,
				379FC0C91DA2ED9B004574E5 /* Item+CoreDataClass.swift */,
				379FC0CA1DA2ED9B004574E5 /* Item+CoreDataProperties.swift */,
				379FC0C31DA2ED9B004574E5 /* ItemType+CoreDataClass.swift */,
				379FC0C41DA2ED9B004574E5 /* ItemType+CoreDataProperties.swift */,
				379FC0C51DA2ED9B004574E5 /* Store+CoreDataClass.swift */,
				379FC0C61DA2ED9B004574E5 /* Store+CoreDataProperties.swift */,
				379FC0C71DA2ED9B004574E5 /* Image+CoreDataClass.swift */,
				379FC0C81DA2ED9B004574E5 /* Image+CoreDataProperties.swift */,
				379FC08E1DA2BE7C004574E5 /* AppDelegate.swift */,
				372C3ECD1DBA765D00AF896F /* Controller */,
				379FC0921DA2BE7C004574E5 /* Main.storyboard */,
				379FC0981DA2BE7C004574E5 /* Assets.xcassets */,
				37F5888A1DA9663D00AB7D39 /* CapriShawl.jpg */,
				379FC09A1DA2BE7C004574E5 /* LaunchScreen.storyboard */,
				379FC09D1DA2BE7C004574E5 /* Info.plist */,
				379FC0951DA2BE7C004574E5 /* iYarn.xcdatamodeld */,
			);
			path = iYarn;
			sourceTree = "<group>";
		};
		37F5888C1DA966F100AB7D39 /* View */ = {
			isa = PBXGroup;
			children = (
				37F5888D1DA9684000AB7D39 /* MaterialView.swift */,
				372C3ED21DBA959000AF896F /* CustomTextField.swift */,
				37F5888F1DAAB26700AB7D39 /* ItemCell.swift */,
			);
			name = View;
			sourceTree = "<group>";
		};
/* End PBXGroup section */

/* Begin PBXNativeTarget section */
		379FC08A1DA2BE7C004574E5 /* iYarn */ = {
			isa = PBXNativeTarget;
			buildConfigurationList = 379FC0A01DA2BE7C004574E5 /* Build configuration list for PBXNativeTarget "iYarn" */;
			buildPhases = (
				379FC0871DA2BE7C004574E5 /* Sources */,
				379FC0881DA2BE7C004574E5 /* Frameworks */,
				379FC0891DA2BE7C004574E5 /* Resources */,
			);
			buildRules = (
			);
			dependencies = (
			);
			name = iYarn;
			productName = iYarn;
			productReference = 379FC08B1DA2BE7C004574E5 /* iYarn.app */;
			productType = "com.apple.product-type.application";
		};
/* End PBXNativeTarget section */

/* Begin PBXProject section */
		379FC0831DA2BE7B004574E5 /* Project object */ = {
			isa = PBXProject;
			attributes = {
				LastSwiftUpdateCheck = 0800;
				LastUpgradeCheck = 0800;
				ORGANIZATIONNAME = "Jason Larkin";
				TargetAttributes = {
					379FC08A1DA2BE7C004574E5 = {
						CreatedOnToolsVersion = 8.0;
						DevelopmentTeam = 2CT59S243C;
						ProvisioningStyle = Automatic;
					};
				};
			};
			buildConfigurationList = 379FC0861DA2BE7B004574E5 /* Build configuration list for PBXProject "iYarn" */;
			compatibilityVersion = "Xcode 3.2";
			developmentRegion = English;
			hasScannedForEncodings = 0;
			knownRegions = (
				en,
				Base,
			);
			mainGroup = 379FC0821DA2BE7B004574E5;
			productRefGroup = 379FC08C1DA2BE7C004574E5 /* Products */;
			projectDirPath = "";
			projectRoot = "";
			targets = (
				379FC08A1DA2BE7C004574E5 /* iYarn */,
			);
		};
/* End PBXProject section */

/* Begin PBXResourcesBuildPhase section */
		379FC0891DA2BE7C004574E5 /* Resources */ = {
			isa = PBXResourcesBuildPhase;
			buildActionMask = 2147483647;
			files = (
				379FC09C1DA2BE7C004574E5 /* LaunchScreen.storyboard in Resources */,
				379FC0991DA2BE7C004574E5 /* Assets.xcassets in Resources */,
				379FC0941DA2BE7C004574E5 /* Main.storyboard in Resources */,
				37F5888B1DA9663D00AB7D39 /* CapriShawl.jpg in Resources */,
			);
			runOnlyForDeploymentPostprocessing = 0;
		};
/* End PBXResourcesBuildPhase section */

/* Begin PBXSourcesBuildPhase section */
		379FC0871DA2BE7C004574E5 /* Sources */ = {
			isa = PBXSourcesBuildPhase;
			buildActionMask = 2147483647;
			files = (
				37F588901DAAB26700AB7D39 /* ItemCell.swift in Sources */,
				379FC0D11DA2ED9B004574E5 /* Item+CoreDataClass.swift in Sources */,
				379FC0D01DA2ED9B004574E5 /* Image+CoreDataProperties.swift in Sources */,
				379FC0CB1DA2ED9B004574E5 /* ItemType+CoreDataClass.swift in Sources */,
				37F5888E1DA9684000AB7D39 /* MaterialView.swift in Sources */,
				379FC0CD1DA2ED9B004574E5 /* Store+CoreDataClass.swift in Sources */,
				379FC0CC1DA2ED9B004574E5 /* ItemType+CoreDataProperties.swift in Sources */,
				379FC0CF1DA2ED9B004574E5 /* Image+CoreDataClass.swift in Sources */,
				379FC0971DA2BE7C004574E5 /* iYarn.xcdatamodeld in Sources */,
				372C3ECF1DBA772700AF896F /* ItemDetailsVCViewController.swift in Sources */,
				379FC0CE1DA2ED9B004574E5 /* Store+CoreDataProperties.swift in Sources */,
				379FC0911DA2BE7C004574E5 /* MainVC.swift in Sources */,
				379FC0D21DA2ED9B004574E5 /* Item+CoreDataProperties.swift in Sources */,
				379FC08F1DA2BE7C004574E5 /* AppDelegate.swift in Sources */,
				372C3ED31DBA959000AF896F /* CustomTextField.swift in Sources */,
			);
			runOnlyForDeploymentPostprocessing = 0;
		};
/* End PBXSourcesBuildPhase section */

/* Begin PBXVariantGroup section */
		379FC0921DA2BE7C004574E5 /* Main.storyboard */ = {
			isa = PBXVariantGroup;
			children = (
				379FC0931DA2BE7C004574E5 /* Base */,
			);
			name = Main.storyboard;
			sourceTree = "<group>";
		};
		379FC09A1DA2BE7C004574E5 /* LaunchScreen.storyboard */ = {
			isa = PBXVariantGroup;
			children = (
				379FC09B1DA2BE7C004574E5 /* Base */,
			);
			name = LaunchScreen.storyboard;
			sourceTree = "<group>";
		};
/* End PBXVariantGroup section */

/* Begin XCBuildConfiguration section */
		379FC09E1DA2BE7C004574E5 /* Debug */ = {
			isa = XCBuildConfiguration;
			buildSettings = {
				ALWAYS_SEARCH_USER_PATHS = NO;
				CLANG_ANALYZER_NONNULL = YES;
				CLANG_CXX_LANGUAGE_STANDARD = "gnu++0x";
				CLANG_CXX_LIBRARY = "libc++";
				CLANG_ENABLE_MODULES = YES;
				CLANG_ENABLE_OBJC_ARC = YES;
				CLANG_WARN_BOOL_CONVERSION = YES;
				CLANG_WARN_CONSTANT_CONVERSION = YES;
				CLANG_WARN_DIRECT_OBJC_ISA_USAGE = YES_ERROR;
				CLANG_WARN_DOCUMENTATION_COMMENTS = YES;
				CLANG_WARN_EMPTY_BODY = YES;
				CLANG_WARN_ENUM_CONVERSION = YES;
				CLANG_WARN_INFINITE_RECURSION = YES;
				CLANG_WARN_INT_CONVERSION = YES;
				CLANG_WARN_OBJC_ROOT_CLASS = YES_ERROR;
				CLANG_WARN_SUSPICIOUS_MOVES = YES;
				CLANG_WARN_UNREACHABLE_CODE = YES;
				CLANG_WARN__DUPLICATE_METHOD_MATCH = YES;
				"CODE_SIGN_IDENTITY[sdk=iphoneos*]" = "iPhone Developer";
				COPY_PHASE_STRIP = NO;
				DEBUG_INFORMATION_FORMAT = dwarf;
				ENABLE_STRICT_OBJC_MSGSEND = YES;
				ENABLE_TESTABILITY = YES;
				GCC_C_LANGUAGE_STANDARD = gnu99;
				GCC_DYNAMIC_NO_PIC = NO;
				GCC_NO_COMMON_BLOCKS = YES;
				GCC_OPTIMIZATION_LEVEL = 0;
				GCC_PREPROCESSOR_DEFINITIONS = (
					"DEBUG=1",
					"$(inherited)",
				);
				GCC_WARN_64_TO_32_BIT_CONVERSION = YES;
				GCC_WARN_ABOUT_RETURN_TYPE = YES_ERROR;
				GCC_WARN_UNDECLARED_SELECTOR = YES;
				GCC_WARN_UNINITIALIZED_AUTOS = YES_AGGRESSIVE;
				GCC_WARN_UNUSED_FUNCTION = YES;
				GCC_WARN_UNUSED_VARIABLE = YES;
				IPHONEOS_DEPLOYMENT_TARGET = 10.0;
				MTL_ENABLE_DEBUG_INFO = YES;
				ONLY_ACTIVE_ARCH = YES;
				SDKROOT = iphoneos;
				SWIFT_ACTIVE_COMPILATION_CONDITIONS = DEBUG;
				SWIFT_OPTIMIZATION_LEVEL = "-Onone";
			};
			name = Debug;
		};
		379FC09F1DA2BE7C004574E5 /* Release */ = {
			isa = XCBuildConfiguration;
			buildSettings = {
				ALWAYS_SEARCH_USER_PATHS = NO;
				CLANG_ANALYZER_NONNULL = YES;
				CLANG_CXX_LANGUAGE_STANDARD = "gnu++0x";
				CLANG_CXX_LIBRARY = "libc++";
				CLANG_ENABLE_MODULES = YES;
				CLANG_ENABLE_OBJC_ARC = YES;
				CLANG_WARN_BOOL_CONVERSION = YES;
				CLANG_WARN_CONSTANT_CONVERSION = YES;
				CLANG_WARN_DIRECT_OBJC_ISA_USAGE = YES_ERROR;
				CLANG_WARN_DOCUMENTATION_COMMENTS = YES;
				CLANG_WARN_EMPTY_BODY = YES;
				CLANG_WARN_ENUM_CONVERSION = YES;
				CLANG_WARN_INFINITE_RECURSION = YES;
				CLANG_WARN_INT_CONVERSION = YES;
				CLANG_WARN_OBJC_ROOT_CLASS = YES_ERROR;
				CLANG_WARN_SUSPICIOUS_MOVES = YES;
				CLANG_WARN_UNREACHABLE_CODE = YES;
				CLANG_WARN__DUPLICATE_METHOD_MATCH = YES;
				"CODE_SIGN_IDENTITY[sdk=iphoneos*]" = "iPhone Developer";
				COPY_PHASE_STRIP = NO;
				DEBUG_INFORMATION_FORMAT = "dwarf-with-dsym";
				ENABLE_NS_ASSERTIONS = NO;
				ENABLE_STRICT_OBJC_MSGSEND = YES;
				GCC_C_LANGUAGE_STANDARD = gnu99;
				GCC_NO_COMMON_BLOCKS = YES;
				GCC_WARN_64_TO_32_BIT_CONVERSION = YES;
				GCC_WARN_ABOUT_RETURN_TYPE = YES_ERROR;
				GCC_WARN_UNDECLARED_SELECTOR = YES;
				GCC_WARN_UNINITIALIZED_AUTOS = YES_AGGRESSIVE;
				GCC_WARN_UNUSED_FUNCTION = YES;
				GCC_WARN_UNUSED_VARIABLE = YES;
				IPHONEOS_DEPLOYMENT_TARGET = 10.0;
				MTL_ENABLE_DEBUG_INFO = NO;
				SDKROOT = iphoneos;
				SWIFT_OPTIMIZATION_LEVEL = "-Owholemodule";
				VALIDATE_PRODUCT = YES;
			};
			name = Release;
		};
		379FC0A11DA2BE7C004574E5 /* Debug */ = {
			isa = XCBuildConfiguration;
			buildSettings = {
				ASSETCATALOG_COMPILER_APPICON_NAME = AppIcon;
				DEVELOPMENT_TEAM = 2CT59S243C;
				INFOPLIST_FILE = iYarn/Info.plist;
				LD_RUNPATH_SEARCH_PATHS = "$(inherited) @executable_path/Frameworks";
				PRODUCT_BUNDLE_IDENTIFIER = com.jclarkinconsulting.iYarn;
				PRODUCT_NAME = "$(TARGET_NAME)";
				SWIFT_VERSION = 3.0;
			};
			name = Debug;
		};
		379FC0A21DA2BE7C004574E5 /* Release */ = {
			isa = XCBuildConfiguration;
			buildSettings = {
				ASSETCATALOG_COMPILER_APPICON_NAME = AppIcon;
				DEVELOPMENT_TEAM = 2CT59S243C;
				INFOPLIST_FILE = iYarn/Info.plist;
				LD_RUNPATH_SEARCH_PATHS = "$(inherited) @executable_path/Frameworks";
				PRODUCT_BUNDLE_IDENTIFIER = com.jclarkinconsulting.iYarn;
				PRODUCT_NAME = "$(TARGET_NAME)";
				SWIFT_VERSION = 3.0;
			};
			name = Release;
		};
/* End XCBuildConfiguration section */

/* Begin XCConfigurationList section */
		379FC0861DA2BE7B004574E5 /* Build configuration list for PBXProject "iYarn" */ = {
			isa = XCConfigurationList;
			buildConfigurations = (
				379FC09E1DA2BE7C004574E5 /* Debug */,
				379FC09F1DA2BE7C004574E5 /* Release */,
			);
			defaultConfigurationIsVisible = 0;
			defaultConfigurationName = Release;
		};
		379FC0A01DA2BE7C004574E5 /* Build configuration list for PBXNativeTarget "iYarn" */ = {
			isa = XCConfigurationList;
			buildConfigurations = (
				379FC0A11DA2BE7C004574E5 /* Debug */,
				379FC0A21DA2BE7C004574E5 /* Release */,
			);
			defaultConfigurationIsVisible = 0;
			defaultConfigurationName = Release;
		};
/* End XCConfigurationList section */

/* Begin XCVersionGroup section */
		379FC0951DA2BE7C004574E5 /* iYarn.xcdatamodeld */ = {
			isa = XCVersionGroup;
			children = (
				379FC0961DA2BE7C004574E5 /* iYarn.xcdatamodel */,
			);
			currentVersion = 379FC0961DA2BE7C004574E5 /* iYarn.xcdatamodel */;
			path = iYarn.xcdatamodeld;
			sourceTree = "<group>";
			versionGroupType = wrapper.xcdatamodel;
		};
/* End XCVersionGroup section */
	};
	rootObject = 379FC0831DA2BE7B004574E5 /* Project object */;
}
